// !$*UTF8*$!
{
	archiveVersion = 1;
	classes = {
	};
	objectVersion = 46;
	objects = {

/* Begin PBXBuildFile section */
		707872471DD8EE5100A14848 /* AppDelegate.swift in Sources */ = {isa = PBXBuildFile; fileRef = 707872461DD8EE5100A14848 /* AppDelegate.swift */; };
		707872491DD8EE5100A14848 /* ViewController.swift in Sources */ = {isa = PBXBuildFile; fileRef = 707872481DD8EE5100A14848 /* ViewController.swift */; };
		7078724C1DD8EE5100A14848 /* Main.storyboard in Resources */ = {isa = PBXBuildFile; fileRef = 7078724A1DD8EE5100A14848 /* Main.storyboard */; };
		7078724F1DD8EE5100A14848 /* DoIt.xcdatamodeld in Sources */ = {isa = PBXBuildFile; fileRef = 7078724D1DD8EE5100A14848 /* DoIt.xcdatamodeld */; };
		707872511DD8EE5100A14848 /* Assets.xcassets in Resources */ = {isa = PBXBuildFile; fileRef = 707872501DD8EE5100A14848 /* Assets.xcassets */; };
		707872541DD8EE5100A14848 /* LaunchScreen.storyboard in Resources */ = {isa = PBXBuildFile; fileRef = 707872521DD8EE5100A14848 /* LaunchScreen.storyboard */; };
/* End PBXBuildFile section */

/* Begin PBXFileReference section */
		707872431DD8EE5100A14848 /* DoIt.app */ = {isa = PBXFileReference; explicitFileType = wrapper.application; includeInIndex = 0; path = DoIt.app; sourceTree = BUILT_PRODUCTS_DIR; };
		707872461DD8EE5100A14848 /* AppDelegate.swift */ = {isa = PBXFileReference; lastKnownFileType = sourcecode.swift; path = AppDelegate.swift; sourceTree = "<group>"; };
		707872481DD8EE5100A14848 /* ViewController.swift */ = {isa = PBXFileReference; lastKnownFileType = sourcecode.swift; path = ViewController.swift; sourceTree = "<group>"; };
		7078724B1DD8EE5100A14848 /* Base */ = {isa = PBXFileReference; lastKnownFileType = file.storyboard; name = Base; path = Base.lproj/Main.storyboard; sourceTree = "<group>"; };
		7078724E1DD8EE5100A14848 /* DoIt.xcdatamodel */ = {isa = PBXFileReference; lastKnownFileType = wrapper.xcdatamodel; path = DoIt.xcdatamodel; sourceTree = "<group>"; };
		707872501DD8EE5100A14848 /* Assets.xcassets */ = {isa = PBXFileReference; lastKnownFileType = folder.assetcatalog; path = Assets.xcassets; sourceTree = "<group>"; };
		707872531DD8EE5100A14848 /* Base */ = {isa = PBXFileReference; lastKnownFileType = file.storyboard; name = Base; path = Base.lproj/LaunchScreen.storyboard; sourceTree = "<group>"; };
		707872551DD8EE5100A14848 /* Info.plist */ = {isa = PBXFileReference; lastKnownFileType = text.plist.xml; path = Info.plist; sourceTree = "<group>"; };
/* End PBXFileReference section */

/* Begin PBXFrameworksBuildPhase section */
		707872401DD8EE5100A14848 /* Frameworks */ = {
			isa = PBXFrameworksBuildPhase;
			buildActionMask = 2147483647;
			files = (
			);
			runOnlyForDeploymentPostprocessing = 0;
		};
/* End PBXFrameworksBuildPhase section */

/* Begin PBXGroup section */
		7078723A1DD8EE5100A14848 = {
			isa = PBXGroup;
			children = (
				707872451DD8EE5100A14848 /* DoIt */,
				707872441DD8EE5100A14848 /* Products */,
			);
			sourceTree = "<group>";
		};
		707872441DD8EE5100A14848 /* Products */ = {
			isa = PBXGroup;
			children = (
				707872431DD8EE5100A14848 /* DoIt.app */,
			);
			name = Products;
			sourceTree = "<group>";
		};
		707872451DD8EE5100A14848 /* DoIt */ = {
			isa = PBXGroup;
			children = (
				7078725D1DD8EE6B00A14848 /* Model */,
				7078725C1DD8EE6A00A14848 /* View */,
				7078725B1DD8EE6800A14848 /* Controller */,
				707872461DD8EE5100A14848 /* AppDelegate.swift */,
				707872481DD8EE5100A14848 /* ViewController.swift */,
				7078724A1DD8EE5100A14848 /* Main.storyboard */,
				707872501DD8EE5100A14848 /* Assets.xcassets */,
				707872521DD8EE5100A14848 /* LaunchScreen.storyboard */,
				707872551DD8EE5100A14848 /* Info.plist */,
				7078724D1DD8EE5100A14848 /* DoIt.xcdatamodeld */,
			);
			path = DoIt;
			sourceTree = "<group>";
		};
		7078725B1DD8EE6800A14848 /* Controller */ = {
			isa = PBXGroup;
			children = (
			);
			name = Controller;
			sourceTree = "<group>";
		};
		7078725C1DD8EE6A00A14848 /* View */ = {
			isa = PBXGroup;
			children = (
			);
			name = View;
			sourceTree = "<group>";
		};
		7078725D1DD8EE6B00A14848 /* Model */ = {
			isa = PBXGroup;
			children = (
			);
			name = Model;
			sourceTree = "<group>";
		};
/* End PBXGroup section */

/* Begin PBXNativeTarget section */
		707872421DD8EE5100A14848 /* DoIt */ = {
			isa = PBXNativeTarget;
			buildConfigurationList = 707872581DD8EE5100A14848 /* Build configuration list for PBXNativeTarget "DoIt" */;
			buildPhases = (
				7078723F1DD8EE5100A14848 /* Sources */,
				707872401DD8EE5100A14848 /* Frameworks */,
				707872411DD8EE5100A14848 /* Resources */,
			);
			buildRules = (
			);
			dependencies = (
			);
			name = DoIt;
			productName = DoIt;
			productReference = 707872431DD8EE5100A14848 /* DoIt.app */;
			productType = "com.apple.product-type.application";
		};
/* End PBXNativeTarget section */

/* Begin PBXProject section */
		7078723B1DD8EE5100A14848 /* Project object */ = {
			isa = PBXProject;
			attributes = {
				LastSwiftUpdateCheck = 0810;
				LastUpgradeCheck = 0810;
				ORGANIZATIONNAME = "Michael Malotte";
				TargetAttributes = {
					707872421DD8EE5100A14848 = {
						CreatedOnToolsVersion = 8.1;
						DevelopmentTeam = RCU7NCNSGM;
						ProvisioningStyle = Automatic;
					};
				};
			};
			buildConfigurationList = 7078723E1DD8EE5100A14848 /* Build configuration list for PBXProject "DoIt" */;
			compatibilityVersion = "Xcode 3.2";
			developmentRegion = English;
			hasScannedForEncodings = 0;
			knownRegions = (
				en,
				Base,
			);
			mainGroup = 7078723A1DD8EE5100A14848;
			productRefGroup = 707872441DD8EE5100A14848 /* Products */;
			projectDirPath = "";
			projectRoot = "";
			targets = (
				707872421DD8EE5100A14848 /* DoIt */,
			);
		};
/* End PBXProject section */

/* Begin PBXResourcesBuildPhase section */
		707872411DD8EE5100A14848 /* Resources */ = {
			isa = PBXResourcesBuildPhase;
			buildActionMask = 2147483647;
			files = (
				707872541DD8EE5100A14848 /* LaunchScreen.storyboard in Resources */,
				707872511DD8EE5100A14848 /* Assets.xcassets in Resources */,
				7078724C1DD8EE5100A14848 /* Main.storyboard in Resources */,
			);
			runOnlyForDeploymentPostprocessing = 0;
		};
/* End PBXResourcesBuildPhase section */

/* Begin PBXSourcesBuildPhase section */
		7078723F1DD8EE5100A14848 /* Sources */ = {
			isa = PBXSourcesBuildPhase;
			buildActionMask = 2147483647;
			files = (
				7078724F1DD8EE5100A14848 /* DoIt.xcdatamodeld in Sources */,
				707872491DD8EE5100A14848 /* ViewController.swift in Sources */,
				707872471DD8EE5100A14848 /* AppDelegate.swift in Sources */,
			);
			runOnlyForDeploymentPostprocessing = 0;
		};
/* End PBXSourcesBuildPhase section */

/* Begin PBXVariantGroup section */
		7078724A1DD8EE5100A14848 /* Main.storyboard */ = {
			isa = PBXVariantGroup;
			children = (
				7078724B1DD8EE5100A14848 /* Base */,
			);
			name = Main.storyboard;
			sourceTree = "<group>";
		};
		707872521DD8EE5100A14848 /* LaunchScreen.storyboard */ = {
			isa = PBXVariantGroup;
			children = (
				707872531DD8EE5100A14848 /* Base */,
			);
			name = LaunchScreen.storyboard;
			sourceTree = "<group>";
		};
/* End PBXVariantGroup section */

/* Begin XCBuildConfiguration section */
		707872561DD8EE5100A14848 /* Debug */ = {
			isa = XCBuildConfiguration;
			buildSettings = {
				ALWAYS_SEARCH_USER_PATHS = NO;
				CLANG_ANALYZER_NONNULL = YES;
				CLANG_CXX_LANGUAGE_STANDARD = "gnu++0x";
				CLANG_CXX_LIBRARY = "libc++";
				CLANG_ENABLE_MODULES = YES;
				CLANG_ENABLE_OBJC_ARC = YES;
				CLANG_WARN_BOOL_CONVERSION = YES;
				CLANG_WARN_CONSTANT_CONVERSION = YES;
				CLANG_WARN_DIRECT_OBJC_ISA_USAGE = YES_ERROR;
				CLANG_WARN_DOCUMENTATION_COMMENTS = YES;
				CLANG_WARN_EMPTY_BODY = YES;
				CLANG_WARN_ENUM_CONVERSION = YES;
				CLANG_WARN_INFINITE_RECURSION = YES;
				CLANG_WARN_INT_CONVERSION = YES;
				CLANG_WARN_OBJC_ROOT_CLASS = YES_ERROR;
				CLANG_WARN_SUSPICIOUS_MOVES = YES;
				CLANG_WARN_UNREACHABLE_CODE = YES;
				CLANG_WARN__DUPLICATE_METHOD_MATCH = YES;
				"CODE_SIGN_IDENTITY[sdk=iphoneos*]" = "iPhone Developer";
				COPY_PHASE_STRIP = NO;
				DEBUG_INFORMATION_FORMAT = dwarf;
				ENABLE_STRICT_OBJC_MSGSEND = YES;
				ENABLE_TESTABILITY = YES;
				GCC_C_LANGUAGE_STANDARD = gnu99;
				GCC_DYNAMIC_NO_PIC = NO;
				GCC_NO_COMMON_BLOCKS = YES;
				GCC_OPTIMIZATION_LEVEL = 0;
				GCC_PREPROCESSOR_DEFINITIONS = (
					"DEBUG=1",
					"$(inherited)",
				);
				GCC_WARN_64_TO_32_BIT_CONVERSION = YES;
				GCC_WARN_ABOUT_RETURN_TYPE = YES_ERROR;
				GCC_WARN_UNDECLARED_SELECTOR = YES;
				GCC_WARN_UNINITIALIZED_AUTOS = YES_AGGRESSIVE;
				GCC_WARN_UNUSED_FUNCTION = YES;
				GCC_WARN_UNUSED_VARIABLE = YES;
				IPHONEOS_DEPLOYMENT_TARGET = 10.1;
				MTL_ENABLE_DEBUG_INFO = YES;
				ONLY_ACTIVE_ARCH = YES;
				SDKROOT = iphoneos;
				SWIFT_ACTIVE_COMPILATION_CONDITIONS = DEBUG;
				SWIFT_OPTIMIZATION_LEVEL = "-Onone";
			};
			name = Debug;
		};
		707872571DD8EE5100A14848 /* Release */ = {
			isa = XCBuildConfiguration;
			buildSettings = {
				ALWAYS_SEARCH_USER_PATHS = NO;
				CLANG_ANALYZER_NONNULL = YES;
				CLANG_CXX_LANGUAGE_STANDARD = "gnu++0x";
				CLANG_CXX_LIBRARY = "libc++";
				CLANG_ENABLE_MODULES = YES;
				CLANG_ENABLE_OBJC_ARC = YES;
				CLANG_WARN_BOOL_CONVERSION = YES;
				CLANG_WARN_CONSTANT_CONVERSION = YES;
				CLANG_WARN_DIRECT_OBJC_ISA_USAGE = YES_ERROR;
				CLANG_WARN_DOCUMENTATION_COMMENTS = YES;
				CLANG_WARN_EMPTY_BODY = YES;
				CLANG_WARN_ENUM_CONVERSION = YES;
				CLANG_WARN_INFINITE_RECURSION = YES;
				CLANG_WARN_INT_CONVERSION = YES;
				CLANG_WARN_OBJC_ROOT_CLASS = YES_ERROR;
				CLANG_WARN_SUSPICIOUS_MOVES = YES;
				CLANG_WARN_UNREACHABLE_CODE = YES;
				CLANG_WARN__DUPLICATE_METHOD_MATCH = YES;
				"CODE_SIGN_IDENTITY[sdk=iphoneos*]" = "iPhone Developer";
				COPY_PHASE_STRIP = NO;
				DEBUG_INFORMATION_FORMAT = "dwarf-with-dsym";
				ENABLE_NS_ASSERTIONS = NO;
				ENABLE_STRICT_OBJC_MSGSEND = YES;
				GCC_C_LANGUAGE_STANDARD = gnu99;
				GCC_NO_COMMON_BLOCKS = YES;
				GCC_WARN_64_TO_32_BIT_CONVERSION = YES;
				GCC_WARN_ABOUT_RETURN_TYPE = YES_ERROR;
				GCC_WARN_UNDECLARED_SELECTOR = YES;
				GCC_WARN_UNINITIALIZED_AUTOS = YES_AGGRESSIVE;
				GCC_WARN_UNUSED_FUNCTION = YES;
				GCC_WARN_UNUSED_VARIABLE = YES;
				IPHONEOS_DEPLOYMENT_TARGET = 10.1;
				MTL_ENABLE_DEBUG_INFO = NO;
				SDKROOT = iphoneos;
				SWIFT_OPTIMIZATION_LEVEL = "-Owholemodule";
				VALIDATE_PRODUCT = YES;
			};
			name = Release;
		};
		707872591DD8EE5100A14848 /* Debug */ = {
			isa = XCBuildConfiguration;
			buildSettings = {
				ASSETCATALOG_COMPILER_APPICON_NAME = AppIcon;
				DEVELOPMENT_TEAM = RCU7NCNSGM;
				INFOPLIST_FILE = DoIt/Info.plist;
				LD_RUNPATH_SEARCH_PATHS = "$(inherited) @executable_path/Frameworks";
				PRODUCT_BUNDLE_IDENTIFIER = com.mjm.DoIt;
				PRODUCT_NAME = "$(TARGET_NAME)";
				SWIFT_VERSION = 3.0;
			};
			name = Debug;
		};
		7078725A1DD8EE5100A14848 /* Release */ = {
			isa = XCBuildConfiguration;
			buildSettings = {
				ASSETCATALOG_COMPILER_APPICON_NAME = AppIcon;
				DEVELOPMENT_TEAM = RCU7NCNSGM;
				INFOPLIST_FILE = DoIt/Info.plist;
				LD_RUNPATH_SEARCH_PATHS = "$(inherited) @executable_path/Frameworks";
				PRODUCT_BUNDLE_IDENTIFIER = com.mjm.DoIt;
				PRODUCT_NAME = "$(TARGET_NAME)";
				SWIFT_VERSION = 3.0;
			};
			name = Release;
		};
/* End XCBuildConfiguration section */

/* Begin XCConfigurationList section */
		7078723E1DD8EE5100A14848 /* Build configuration list for PBXProject "DoIt" */ = {
			isa = XCConfigurationList;
			buildConfigurations = (
				707872561DD8EE5100A14848 /* Debug */,
				707872571DD8EE5100A14848 /* Release */,
			);
			defaultConfigurationIsVisible = 0;
			defaultConfigurationName = Release;
		};
		707872581DD8EE5100A14848 /* Build configuration list for PBXNativeTarget "DoIt" */ = {
			isa = XCConfigurationList;
			buildConfigurations = (
				707872591DD8EE5100A14848 /* Debug */,
				7078725A1DD8EE5100A14848 /* Release */,
			);
			defaultConfigurationIsVisible = 0;
		};
/* End XCConfigurationList section */

/* Begin XCVersionGroup section */
		7078724D1DD8EE5100A14848 /* DoIt.xcdatamodeld */ = {
			isa = XCVersionGroup;
			children = (
				7078724E1DD8EE5100A14848 /* DoIt.xcdatamodel */,
			);
			currentVersion = 7078724E1DD8EE5100A14848 /* DoIt.xcdatamodel */;
			path = DoIt.xcdatamodeld;
			sourceTree = "<group>";
			versionGroupType = wrapper.xcdatamodel;
		};
/* End XCVersionGroup section */
	};
	rootObject = 7078723B1DD8EE5100A14848 /* Project object */;
}
